
Microsoft Visual Studio Solution File, Format Version 12.00
# Visual Studio Version 17
VisualStudioVersion = 17.0.31808.319
MinimumVisualStudioVersion = 10.0.40219.1
Project("{9A19103F-16F7-4668-BE54-9A1E7A4F7556}") = "Asteroids.Blazor.Wasm", "Asteroids.Blazor.Wasm\Asteroids.Blazor.Wasm.csproj", "{D950B4DD-7426-4272-8601-AC51340D9124}"
EndProject
Project("{9A19103F-16F7-4668-BE54-9A1E7A4F7556}") = "Asteroids.Standard", "Asteroids.Standard\Asteroids.Standard.csproj", "{10AB7D83-5711-4C7B-A216-94BB8F25660F}"
EndProject
Project("{FAE04EC0-301F-11D3-BF4B-00C04F79EFBC}") = "Asteroids.Xamarin.Android", "Asteroids.Xamarin\Asteroids.Xamarin.Android\Asteroids.Xamarin.Android.csproj", "{8714AC47-C2C4-44A5-8DE5-CA71DBAD3F48}"
EndProject
Project("{FAE04EC0-301F-11D3-BF4B-00C04F79EFBC}") = "Asteroids.Xamarin.UWP", "Asteroids.Xamarin\Asteroids.Xamarin.UWP\Asteroids.Xamarin.UWP.csproj", "{CEDC3880-59E4-4F6F-84EC-61216EA8B806}"
EndProject
Project("{9A19103F-16F7-4668-BE54-9A1E7A4F7556}") = "Asteroids.Xamarin", "Asteroids.Xamarin\Asteroids.Xamarin\Asteroids.Xamarin.csproj", "{748E9505-B5B4-4571-B4BF-5C44BC41CEF0}"
EndProject
Project("{9A19103F-16F7-4668-BE54-9A1E7A4F7556}") = "Asteroids.BlazorComponents", "Asteroids.BlazorComponents\Asteroids.BlazorComponents.csproj", "{39EE3BA7-80BF-48F9-BE2B-71402AF19A9D}"
EndProject
Project("{2150E333-8FDC-42A3-9474-1A3956D46DE8}") = "Base", "Base", "{CFE33B50-3F0C-48EC-B75D-6C6CECD51F7F}"
EndProject
Project("{9A19103F-16F7-4668-BE54-9A1E7A4F7556}") = "Asteroids.Wpf", "Asteroids.Wpf\Asteroids.Wpf.csproj", "{6DEA01BA-4FF6-4E89-A27B-5273048E86AF}"
EndProject
Project("{9A19103F-16F7-4668-BE54-9A1E7A4F7556}") = "Asteroids.WinForms", "Asteroids.WinForms\Asteroids.WinForms.csproj", "{28829ABF-15BF-4513-8CF4-2B9CB76A65B1}"
EndProject
Project("{9A19103F-16F7-4668-BE54-9A1E7A4F7556}") = "Asteroids.Blazor.Server", "Asteroids.Blazor.Server\Asteroids.Blazor.Server.csproj", "{49AF563A-6AD7-4C0D-8521-08047FFCCB30}"
EndProject
Project("{9A19103F-16F7-4668-BE54-9A1E7A4F7556}") = "Asteroids.Blazor.Electron", "Asteroids.Blazor.Electron\Asteroids.Blazor.Electron.csproj", "{C7C7539C-3EBE-4407-9713-7EC869BA8BF1}"
EndProject
Global
	GlobalSection(SolutionConfigurationPlatforms) = preSolution
		Ad-Hoc|Any CPU = Ad-Hoc|Any CPU
		Ad-Hoc|ARM = Ad-Hoc|ARM
		Ad-Hoc|iPhone = Ad-Hoc|iPhone
		Ad-Hoc|iPhoneSimulator = Ad-Hoc|iPhoneSimulator
		Ad-Hoc|x64 = Ad-Hoc|x64
		Ad-Hoc|x86 = Ad-Hoc|x86
		AppStore|Any CPU = AppStore|Any CPU
		AppStore|ARM = AppStore|ARM
		AppStore|iPhone = AppStore|iPhone
		AppStore|iPhoneSimulator = AppStore|iPhoneSimulator
		AppStore|x64 = AppStore|x64
		AppStore|x86 = AppStore|x86
		Debug|Any CPU = Debug|Any CPU
		Debug|ARM = Debug|ARM
		Debug|iPhone = Debug|iPhone
		Debug|iPhoneSimulator = Debug|iPhoneSimulator
		Debug|x64 = Debug|x64
		Debug|x86 = Debug|x86
		Release|Any CPU = Release|Any CPU
		Release|ARM = Release|ARM
		Release|iPhone = Release|iPhone
		Release|iPhoneSimulator = Release|iPhoneSimulator
		Release|x64 = Release|x64
		Release|x86 = Release|x86
	EndGlobalSection
	GlobalSection(ProjectConfigurationPlatforms) = postSolution
		{D950B4DD-7426-4272-8601-AC51340D9124}.Ad-Hoc|Any CPU.ActiveCfg = Debug|Any CPU
		{D950B4DD-7426-4272-8601-AC51340D9124}.Ad-Hoc|Any CPU.Build.0 = Debug|Any CPU
		{D950B4DD-7426-4272-8601-AC51340D9124}.Ad-Hoc|ARM.ActiveCfg = Debug|Any CPU
		{D950B4DD-7426-4272-8601-AC51340D9124}.Ad-Hoc|ARM.Build.0 = Debug|Any CPU
		{D950B4DD-7426-4272-8601-AC51340D9124}.Ad-Hoc|iPhone.ActiveCfg = Debug|Any CPU
		{D950B4DD-7426-4272-8601-AC51340D9124}.Ad-Hoc|iPhone.Build.0 = Debug|Any CPU
		{D950B4DD-7426-4272-8601-AC51340D9124}.Ad-Hoc|iPhoneSimulator.ActiveCfg = Debug|Any CPU
		{D950B4DD-7426-4272-8601-AC51340D9124}.Ad-Hoc|iPhoneSimulator.Build.0 = Debug|Any CPU
		{D950B4DD-7426-4272-8601-AC51340D9124}.Ad-Hoc|x64.ActiveCfg = Debug|Any CPU
		{D950B4DD-7426-4272-8601-AC51340D9124}.Ad-Hoc|x64.Build.0 = Debug|Any CPU
		{D950B4DD-7426-4272-8601-AC51340D9124}.Ad-Hoc|x86.ActiveCfg = Debug|Any CPU
		{D950B4DD-7426-4272-8601-AC51340D9124}.Ad-Hoc|x86.Build.0 = Debug|Any CPU
		{D950B4DD-7426-4272-8601-AC51340D9124}.AppStore|Any CPU.ActiveCfg = Debug|Any CPU
		{D950B4DD-7426-4272-8601-AC51340D9124}.AppStore|Any CPU.Build.0 = Debug|Any CPU
		{D950B4DD-7426-4272-8601-AC51340D9124}.AppStore|ARM.ActiveCfg = Debug|Any CPU
		{D950B4DD-7426-4272-8601-AC51340D9124}.AppStore|ARM.Build.0 = Debug|Any CPU
		{D950B4DD-7426-4272-8601-AC51340D9124}.AppStore|iPhone.ActiveCfg = Debug|Any CPU
		{D950B4DD-7426-4272-8601-AC51340D9124}.AppStore|iPhone.Build.0 = Debug|Any CPU
		{D950B4DD-7426-4272-8601-AC51340D9124}.AppStore|iPhoneSimulator.ActiveCfg = Debug|Any CPU
		{D950B4DD-7426-4272-8601-AC51340D9124}.AppStore|iPhoneSimulator.Build.0 = Debug|Any CPU
		{D950B4DD-7426-4272-8601-AC51340D9124}.AppStore|x64.ActiveCfg = Debug|Any CPU
		{D950B4DD-7426-4272-8601-AC51340D9124}.AppStore|x64.Build.0 = Debug|Any CPU
		{D950B4DD-7426-4272-8601-AC51340D9124}.AppStore|x86.ActiveCfg = Debug|Any CPU
		{D950B4DD-7426-4272-8601-AC51340D9124}.AppStore|x86.Build.0 = Debug|Any CPU
		{D950B4DD-7426-4272-8601-AC51340D9124}.Debug|Any CPU.ActiveCfg = Debug|Any CPU
		{D950B4DD-7426-4272-8601-AC51340D9124}.Debug|Any CPU.Build.0 = Debug|Any CPU
		{D950B4DD-7426-4272-8601-AC51340D9124}.Debug|ARM.ActiveCfg = Debug|Any CPU
		{D950B4DD-7426-4272-8601-AC51340D9124}.Debug|ARM.Build.0 = Debug|Any CPU
		{D950B4DD-7426-4272-8601-AC51340D9124}.Debug|iPhone.ActiveCfg = Debug|Any CPU
		{D950B4DD-7426-4272-8601-AC51340D9124}.Debug|iPhone.Build.0 = Debug|Any CPU
		{D950B4DD-7426-4272-8601-AC51340D9124}.Debug|iPhoneSimulator.ActiveCfg = Debug|Any CPU
		{D950B4DD-7426-4272-8601-AC51340D9124}.Debug|iPhoneSimulator.Build.0 = Debug|Any CPU
		{D950B4DD-7426-4272-8601-AC51340D9124}.Debug|x64.ActiveCfg = Debug|Any CPU
		{D950B4DD-7426-4272-8601-AC51340D9124}.Debug|x64.Build.0 = Debug|Any CPU
		{D950B4DD-7426-4272-8601-AC51340D9124}.Debug|x86.ActiveCfg = Debug|Any CPU
		{D950B4DD-7426-4272-8601-AC51340D9124}.Debug|x86.Build.0 = Debug|Any CPU
		{D950B4DD-7426-4272-8601-AC51340D9124}.Release|Any CPU.ActiveCfg = Release|Any CPU
		{D950B4DD-7426-4272-8601-AC51340D9124}.Release|Any CPU.Build.0 = Release|Any CPU
		{D950B4DD-7426-4272-8601-AC51340D9124}.Release|ARM.ActiveCfg = Release|Any CPU
		{D950B4DD-7426-4272-8601-AC51340D9124}.Release|ARM.Build.0 = Release|Any CPU
		{D950B4DD-7426-4272-8601-AC51340D9124}.Release|iPhone.ActiveCfg = Release|Any CPU
		{D950B4DD-7426-4272-8601-AC51340D9124}.Release|iPhone.Build.0 = Release|Any CPU
		{D950B4DD-7426-4272-8601-AC51340D9124}.Release|iPhoneSimulator.ActiveCfg = Release|Any CPU
		{D950B4DD-7426-4272-8601-AC51340D9124}.Release|iPhoneSimulator.Build.0 = Release|Any CPU
		{D950B4DD-7426-4272-8601-AC51340D9124}.Release|x64.ActiveCfg = Release|Any CPU
		{D950B4DD-7426-4272-8601-AC51340D9124}.Release|x64.Build.0 = Release|Any CPU
		{D950B4DD-7426-4272-8601-AC51340D9124}.Release|x86.ActiveCfg = Release|Any CPU
		{D950B4DD-7426-4272-8601-AC51340D9124}.Release|x86.Build.0 = Release|Any CPU
		{10AB7D83-5711-4C7B-A216-94BB8F25660F}.Ad-Hoc|Any CPU.ActiveCfg = Release|Any CPU
		{10AB7D83-5711-4C7B-A216-94BB8F25660F}.Ad-Hoc|Any CPU.Build.0 = Release|Any CPU
		{10AB7D83-5711-4C7B-A216-94BB8F25660F}.Ad-Hoc|ARM.ActiveCfg = Release|Any CPU
		{10AB7D83-5711-4C7B-A216-94BB8F25660F}.Ad-Hoc|ARM.Build.0 = Release|Any CPU
		{10AB7D83-5711-4C7B-A216-94BB8F25660F}.Ad-Hoc|iPhone.ActiveCfg = Release|Any CPU
		{10AB7D83-5711-4C7B-A216-94BB8F25660F}.Ad-Hoc|iPhone.Build.0 = Release|Any CPU
		{10AB7D83-5711-4C7B-A216-94BB8F25660F}.Ad-Hoc|iPhoneSimulator.ActiveCfg = Release|Any CPU
		{10AB7D83-5711-4C7B-A216-94BB8F25660F}.Ad-Hoc|iPhoneSimulator.Build.0 = Release|Any CPU
		{10AB7D83-5711-4C7B-A216-94BB8F25660F}.Ad-Hoc|x64.ActiveCfg = Release|Any CPU
		{10AB7D83-5711-4C7B-A216-94BB8F25660F}.Ad-Hoc|x64.Build.0 = Release|Any CPU
		{10AB7D83-5711-4C7B-A216-94BB8F25660F}.Ad-Hoc|x86.ActiveCfg = Release|Any CPU
		{10AB7D83-5711-4C7B-A216-94BB8F25660F}.Ad-Hoc|x86.Build.0 = Release|Any CPU
		{10AB7D83-5711-4C7B-A216-94BB8F25660F}.AppStore|Any CPU.ActiveCfg = Release|Any CPU
		{10AB7D83-5711-4C7B-A216-94BB8F25660F}.AppStore|Any CPU.Build.0 = Release|Any CPU
		{10AB7D83-5711-4C7B-A216-94BB8F25660F}.AppStore|ARM.ActiveCfg = Release|Any CPU
		{10AB7D83-5711-4C7B-A216-94BB8F25660F}.AppStore|ARM.Build.0 = Release|Any CPU
		{10AB7D83-5711-4C7B-A216-94BB8F25660F}.AppStore|iPhone.ActiveCfg = Release|Any CPU
		{10AB7D83-5711-4C7B-A216-94BB8F25660F}.AppStore|iPhone.Build.0 = Release|Any CPU
		{10AB7D83-5711-4C7B-A216-94BB8F25660F}.AppStore|iPhoneSimulator.ActiveCfg = Release|Any CPU
		{10AB7D83-5711-4C7B-A216-94BB8F25660F}.AppStore|iPhoneSimulator.Build.0 = Release|Any CPU
		{10AB7D83-5711-4C7B-A216-94BB8F25660F}.AppStore|x64.ActiveCfg = Release|Any CPU
		{10AB7D83-5711-4C7B-A216-94BB8F25660F}.AppStore|x64.Build.0 = Release|Any CPU
		{10AB7D83-5711-4C7B-A216-94BB8F25660F}.AppStore|x86.ActiveCfg = Release|Any CPU
		{10AB7D83-5711-4C7B-A216-94BB8F25660F}.AppStore|x86.Build.0 = Release|Any CPU
		{10AB7D83-5711-4C7B-A216-94BB8F25660F}.Debug|Any CPU.ActiveCfg = Debug|Any CPU
		{10AB7D83-5711-4C7B-A216-94BB8F25660F}.Debug|Any CPU.Build.0 = Debug|Any CPU
		{10AB7D83-5711-4C7B-A216-94BB8F25660F}.Debug|ARM.ActiveCfg = Debug|Any CPU
		{10AB7D83-5711-4C7B-A216-94BB8F25660F}.Debug|ARM.Build.0 = Debug|Any CPU
		{10AB7D83-5711-4C7B-A216-94BB8F25660F}.Debug|iPhone.ActiveCfg = Debug|Any CPU
		{10AB7D83-5711-4C7B-A216-94BB8F25660F}.Debug|iPhone.Build.0 = Debug|Any CPU
		{10AB7D83-5711-4C7B-A216-94BB8F25660F}.Debug|iPhoneSimulator.ActiveCfg = Debug|Any CPU
		{10AB7D83-5711-4C7B-A216-94BB8F25660F}.Debug|iPhoneSimulator.Build.0 = Debug|Any CPU
		{10AB7D83-5711-4C7B-A216-94BB8F25660F}.Debug|x64.ActiveCfg = Debug|Any CPU
		{10AB7D83-5711-4C7B-A216-94BB8F25660F}.Debug|x64.Build.0 = Debug|Any CPU
		{10AB7D83-5711-4C7B-A216-94BB8F25660F}.Debug|x86.ActiveCfg = Debug|Any CPU
		{10AB7D83-5711-4C7B-A216-94BB8F25660F}.Debug|x86.Build.0 = Debug|Any CPU
		{10AB7D83-5711-4C7B-A216-94BB8F25660F}.Release|Any CPU.ActiveCfg = Release|Any CPU
		{10AB7D83-5711-4C7B-A216-94BB8F25660F}.Release|Any CPU.Build.0 = Release|Any CPU
		{10AB7D83-5711-4C7B-A216-94BB8F25660F}.Release|ARM.ActiveCfg = Release|Any CPU
		{10AB7D83-5711-4C7B-A216-94BB8F25660F}.Release|ARM.Build.0 = Release|Any CPU
		{10AB7D83-5711-4C7B-A216-94BB8F25660F}.Release|iPhone.ActiveCfg = Release|Any CPU
		{10AB7D83-5711-4C7B-A216-94BB8F25660F}.Release|iPhone.Build.0 = Release|Any CPU
		{10AB7D83-5711-4C7B-A216-94BB8F25660F}.Release|iPhoneSimulator.ActiveCfg = Release|Any CPU
		{10AB7D83-5711-4C7B-A216-94BB8F25660F}.Release|iPhoneSimulator.Build.0 = Release|Any CPU
		{10AB7D83-5711-4C7B-A216-94BB8F25660F}.Release|x64.ActiveCfg = Release|Any CPU
		{10AB7D83-5711-4C7B-A216-94BB8F25660F}.Release|x64.Build.0 = Release|Any CPU
		{10AB7D83-5711-4C7B-A216-94BB8F25660F}.Release|x86.ActiveCfg = Release|Any CPU
		{10AB7D83-5711-4C7B-A216-94BB8F25660F}.Release|x86.Build.0 = Release|Any CPU
		{8714AC47-C2C4-44A5-8DE5-CA71DBAD3F48}.Ad-Hoc|Any CPU.ActiveCfg = Release|Any CPU
		{8714AC47-C2C4-44A5-8DE5-CA71DBAD3F48}.Ad-Hoc|Any CPU.Build.0 = Release|Any CPU
		{8714AC47-C2C4-44A5-8DE5-CA71DBAD3F48}.Ad-Hoc|Any CPU.Deploy.0 = Release|Any CPU
		{8714AC47-C2C4-44A5-8DE5-CA71DBAD3F48}.Ad-Hoc|ARM.ActiveCfg = Release|Any CPU
		{8714AC47-C2C4-44A5-8DE5-CA71DBAD3F48}.Ad-Hoc|ARM.Build.0 = Release|Any CPU
		{8714AC47-C2C4-44A5-8DE5-CA71DBAD3F48}.Ad-Hoc|ARM.Deploy.0 = Release|Any CPU
		{8714AC47-C2C4-44A5-8DE5-CA71DBAD3F48}.Ad-Hoc|iPhone.ActiveCfg = Release|Any CPU
		{8714AC47-C2C4-44A5-8DE5-CA71DBAD3F48}.Ad-Hoc|iPhone.Build.0 = Release|Any CPU
		{8714AC47-C2C4-44A5-8DE5-CA71DBAD3F48}.Ad-Hoc|iPhone.Deploy.0 = Release|Any CPU
		{8714AC47-C2C4-44A5-8DE5-CA71DBAD3F48}.Ad-Hoc|iPhoneSimulator.ActiveCfg = Release|Any CPU
		{8714AC47-C2C4-44A5-8DE5-CA71DBAD3F48}.Ad-Hoc|iPhoneSimulator.Build.0 = Release|Any CPU
		{8714AC47-C2C4-44A5-8DE5-CA71DBAD3F48}.Ad-Hoc|iPhoneSimulator.Deploy.0 = Release|Any CPU
		{8714AC47-C2C4-44A5-8DE5-CA71DBAD3F48}.Ad-Hoc|x64.ActiveCfg = Release|Any CPU
		{8714AC47-C2C4-44A5-8DE5-CA71DBAD3F48}.Ad-Hoc|x64.Build.0 = Release|Any CPU
		{8714AC47-C2C4-44A5-8DE5-CA71DBAD3F48}.Ad-Hoc|x64.Deploy.0 = Release|Any CPU
		{8714AC47-C2C4-44A5-8DE5-CA71DBAD3F48}.Ad-Hoc|x86.ActiveCfg = Release|Any CPU
		{8714AC47-C2C4-44A5-8DE5-CA71DBAD3F48}.Ad-Hoc|x86.Build.0 = Release|Any CPU
		{8714AC47-C2C4-44A5-8DE5-CA71DBAD3F48}.Ad-Hoc|x86.Deploy.0 = Release|Any CPU
		{8714AC47-C2C4-44A5-8DE5-CA71DBAD3F48}.AppStore|Any CPU.ActiveCfg = Release|Any CPU
		{8714AC47-C2C4-44A5-8DE5-CA71DBAD3F48}.AppStore|Any CPU.Build.0 = Release|Any CPU
		{8714AC47-C2C4-44A5-8DE5-CA71DBAD3F48}.AppStore|Any CPU.Deploy.0 = Release|Any CPU
		{8714AC47-C2C4-44A5-8DE5-CA71DBAD3F48}.AppStore|ARM.ActiveCfg = Release|Any CPU
		{8714AC47-C2C4-44A5-8DE5-CA71DBAD3F48}.AppStore|ARM.Build.0 = Release|Any CPU
		{8714AC47-C2C4-44A5-8DE5-CA71DBAD3F48}.AppStore|ARM.Deploy.0 = Release|Any CPU
		{8714AC47-C2C4-44A5-8DE5-CA71DBAD3F48}.AppStore|iPhone.ActiveCfg = Release|Any CPU
		{8714AC47-C2C4-44A5-8DE5-CA71DBAD3F48}.AppStore|iPhone.Build.0 = Release|Any CPU
		{8714AC47-C2C4-44A5-8DE5-CA71DBAD3F48}.AppStore|iPhone.Deploy.0 = Release|Any CPU
		{8714AC47-C2C4-44A5-8DE5-CA71DBAD3F48}.AppStore|iPhoneSimulator.ActiveCfg = Release|Any CPU
		{8714AC47-C2C4-44A5-8DE5-CA71DBAD3F48}.AppStore|iPhoneSimulator.Build.0 = Release|Any CPU
		{8714AC47-C2C4-44A5-8DE5-CA71DBAD3F48}.AppStore|iPhoneSimulator.Deploy.0 = Release|Any CPU
		{8714AC47-C2C4-44A5-8DE5-CA71DBAD3F48}.AppStore|x64.ActiveCfg = Release|Any CPU
		{8714AC47-C2C4-44A5-8DE5-CA71DBAD3F48}.AppStore|x64.Build.0 = Release|Any CPU
		{8714AC47-C2C4-44A5-8DE5-CA71DBAD3F48}.AppStore|x64.Deploy.0 = Release|Any CPU
		{8714AC47-C2C4-44A5-8DE5-CA71DBAD3F48}.AppStore|x86.ActiveCfg = Release|Any CPU
		{8714AC47-C2C4-44A5-8DE5-CA71DBAD3F48}.AppStore|x86.Build.0 = Release|Any CPU
		{8714AC47-C2C4-44A5-8DE5-CA71DBAD3F48}.AppStore|x86.Deploy.0 = Release|Any CPU
		{8714AC47-C2C4-44A5-8DE5-CA71DBAD3F48}.Debug|Any CPU.ActiveCfg = Debug|Any CPU
		{8714AC47-C2C4-44A5-8DE5-CA71DBAD3F48}.Debug|Any CPU.Build.0 = Debug|Any CPU
		{8714AC47-C2C4-44A5-8DE5-CA71DBAD3F48}.Debug|Any CPU.Deploy.0 = Debug|Any CPU
		{8714AC47-C2C4-44A5-8DE5-CA71DBAD3F48}.Debug|ARM.ActiveCfg = Debug|Any CPU
		{8714AC47-C2C4-44A5-8DE5-CA71DBAD3F48}.Debug|ARM.Build.0 = Debug|Any CPU
		{8714AC47-C2C4-44A5-8DE5-CA71DBAD3F48}.Debug|ARM.Deploy.0 = Debug|Any CPU
		{8714AC47-C2C4-44A5-8DE5-CA71DBAD3F48}.Debug|iPhone.ActiveCfg = Debug|Any CPU
		{8714AC47-C2C4-44A5-8DE5-CA71DBAD3F48}.Debug|iPhone.Build.0 = Debug|Any CPU
		{8714AC47-C2C4-44A5-8DE5-CA71DBAD3F48}.Debug|iPhone.Deploy.0 = Debug|Any CPU
		{8714AC47-C2C4-44A5-8DE5-CA71DBAD3F48}.Debug|iPhoneSimulator.ActiveCfg = Debug|Any CPU
		{8714AC47-C2C4-44A5-8DE5-CA71DBAD3F48}.Debug|iPhoneSimulator.Build.0 = Debug|Any CPU
		{8714AC47-C2C4-44A5-8DE5-CA71DBAD3F48}.Debug|iPhoneSimulator.Deploy.0 = Debug|Any CPU
		{8714AC47-C2C4-44A5-8DE5-CA71DBAD3F48}.Debug|x64.ActiveCfg = Debug|Any CPU
		{8714AC47-C2C4-44A5-8DE5-CA71DBAD3F48}.Debug|x64.Build.0 = Debug|Any CPU
		{8714AC47-C2C4-44A5-8DE5-CA71DBAD3F48}.Debug|x64.Deploy.0 = Debug|Any CPU
		{8714AC47-C2C4-44A5-8DE5-CA71DBAD3F48}.Debug|x86.ActiveCfg = Debug|Any CPU
		{8714AC47-C2C4-44A5-8DE5-CA71DBAD3F48}.Debug|x86.Build.0 = Debug|Any CPU
		{8714AC47-C2C4-44A5-8DE5-CA71DBAD3F48}.Debug|x86.Deploy.0 = Debug|Any CPU
		{8714AC47-C2C4-44A5-8DE5-CA71DBAD3F48}.Release|Any CPU.ActiveCfg = Release|Any CPU
		{8714AC47-C2C4-44A5-8DE5-CA71DBAD3F48}.Release|Any CPU.Build.0 = Release|Any CPU
		{8714AC47-C2C4-44A5-8DE5-CA71DBAD3F48}.Release|Any CPU.Deploy.0 = Release|Any CPU
		{8714AC47-C2C4-44A5-8DE5-CA71DBAD3F48}.Release|ARM.ActiveCfg = Release|Any CPU
		{8714AC47-C2C4-44A5-8DE5-CA71DBAD3F48}.Release|ARM.Build.0 = Release|Any CPU
		{8714AC47-C2C4-44A5-8DE5-CA71DBAD3F48}.Release|ARM.Deploy.0 = Release|Any CPU
		{8714AC47-C2C4-44A5-8DE5-CA71DBAD3F48}.Release|iPhone.ActiveCfg = Release|Any CPU
		{8714AC47-C2C4-44A5-8DE5-CA71DBAD3F48}.Release|iPhone.Build.0 = Release|Any CPU
		{8714AC47-C2C4-44A5-8DE5-CA71DBAD3F48}.Release|iPhone.Deploy.0 = Release|Any CPU
		{8714AC47-C2C4-44A5-8DE5-CA71DBAD3F48}.Release|iPhoneSimulator.ActiveCfg = Release|Any CPU
		{8714AC47-C2C4-44A5-8DE5-CA71DBAD3F48}.Release|iPhoneSimulator.Build.0 = Release|Any CPU
		{8714AC47-C2C4-44A5-8DE5-CA71DBAD3F48}.Release|iPhoneSimulator.Deploy.0 = Release|Any CPU
		{8714AC47-C2C4-44A5-8DE5-CA71DBAD3F48}.Release|x64.ActiveCfg = Release|Any CPU
		{8714AC47-C2C4-44A5-8DE5-CA71DBAD3F48}.Release|x64.Build.0 = Release|Any CPU
		{8714AC47-C2C4-44A5-8DE5-CA71DBAD3F48}.Release|x64.Deploy.0 = Release|Any CPU
		{8714AC47-C2C4-44A5-8DE5-CA71DBAD3F48}.Release|x86.ActiveCfg = Release|Any CPU
		{8714AC47-C2C4-44A5-8DE5-CA71DBAD3F48}.Release|x86.Build.0 = Release|Any CPU
		{8714AC47-C2C4-44A5-8DE5-CA71DBAD3F48}.Release|x86.Deploy.0 = Release|Any CPU
		{CEDC3880-59E4-4F6F-84EC-61216EA8B806}.Ad-Hoc|Any CPU.ActiveCfg = Release|x86
		{CEDC3880-59E4-4F6F-84EC-61216EA8B806}.Ad-Hoc|Any CPU.Build.0 = Release|x86
		{CEDC3880-59E4-4F6F-84EC-61216EA8B806}.Ad-Hoc|Any CPU.Deploy.0 = Release|x86
		{CEDC3880-59E4-4F6F-84EC-61216EA8B806}.Ad-Hoc|ARM.ActiveCfg = Release|ARM
		{CEDC3880-59E4-4F6F-84EC-61216EA8B806}.Ad-Hoc|ARM.Build.0 = Release|ARM
		{CEDC3880-59E4-4F6F-84EC-61216EA8B806}.Ad-Hoc|ARM.Deploy.0 = Release|ARM
		{CEDC3880-59E4-4F6F-84EC-61216EA8B806}.Ad-Hoc|iPhone.ActiveCfg = Release|x86
		{CEDC3880-59E4-4F6F-84EC-61216EA8B806}.Ad-Hoc|iPhone.Build.0 = Release|x86
		{CEDC3880-59E4-4F6F-84EC-61216EA8B806}.Ad-Hoc|iPhone.Deploy.0 = Release|x86
		{CEDC3880-59E4-4F6F-84EC-61216EA8B806}.Ad-Hoc|iPhoneSimulator.ActiveCfg = Release|x86
		{CEDC3880-59E4-4F6F-84EC-61216EA8B806}.Ad-Hoc|iPhoneSimulator.Build.0 = Release|x86
		{CEDC3880-59E4-4F6F-84EC-61216EA8B806}.Ad-Hoc|iPhoneSimulator.Deploy.0 = Release|x86
		{CEDC3880-59E4-4F6F-84EC-61216EA8B806}.Ad-Hoc|x64.ActiveCfg = Release|x64
		{CEDC3880-59E4-4F6F-84EC-61216EA8B806}.Ad-Hoc|x64.Build.0 = Release|x64
		{CEDC3880-59E4-4F6F-84EC-61216EA8B806}.Ad-Hoc|x64.Deploy.0 = Release|x64
		{CEDC3880-59E4-4F6F-84EC-61216EA8B806}.Ad-Hoc|x86.ActiveCfg = Release|x86
		{CEDC3880-59E4-4F6F-84EC-61216EA8B806}.Ad-Hoc|x86.Build.0 = Release|x86
		{CEDC3880-59E4-4F6F-84EC-61216EA8B806}.Ad-Hoc|x86.Deploy.0 = Release|x86
		{CEDC3880-59E4-4F6F-84EC-61216EA8B806}.AppStore|Any CPU.ActiveCfg = Release|x86
		{CEDC3880-59E4-4F6F-84EC-61216EA8B806}.AppStore|Any CPU.Build.0 = Release|x86
		{CEDC3880-59E4-4F6F-84EC-61216EA8B806}.AppStore|Any CPU.Deploy.0 = Release|x86
		{CEDC3880-59E4-4F6F-84EC-61216EA8B806}.AppStore|ARM.ActiveCfg = Release|ARM
		{CEDC3880-59E4-4F6F-84EC-61216EA8B806}.AppStore|ARM.Build.0 = Release|ARM
		{CEDC3880-59E4-4F6F-84EC-61216EA8B806}.AppStore|ARM.Deploy.0 = Release|ARM
		{CEDC3880-59E4-4F6F-84EC-61216EA8B806}.AppStore|iPhone.ActiveCfg = Release|x86
		{CEDC3880-59E4-4F6F-84EC-61216EA8B806}.AppStore|iPhone.Build.0 = Release|x86
		{CEDC3880-59E4-4F6F-84EC-61216EA8B806}.AppStore|iPhone.Deploy.0 = Release|x86
		{CEDC3880-59E4-4F6F-84EC-61216EA8B806}.AppStore|iPhoneSimulator.ActiveCfg = Release|x86
		{CEDC3880-59E4-4F6F-84EC-61216EA8B806}.AppStore|iPhoneSimulator.Build.0 = Release|x86
		{CEDC3880-59E4-4F6F-84EC-61216EA8B806}.AppStore|iPhoneSimulator.Deploy.0 = Release|x86
		{CEDC3880-59E4-4F6F-84EC-61216EA8B806}.AppStore|x64.ActiveCfg = Release|x64
		{CEDC3880-59E4-4F6F-84EC-61216EA8B806}.AppStore|x64.Build.0 = Release|x64
		{CEDC3880-59E4-4F6F-84EC-61216EA8B806}.AppStore|x64.Deploy.0 = Release|x64
		{CEDC3880-59E4-4F6F-84EC-61216EA8B806}.AppStore|x86.ActiveCfg = Release|x86
		{CEDC3880-59E4-4F6F-84EC-61216EA8B806}.AppStore|x86.Build.0 = Release|x86
		{CEDC3880-59E4-4F6F-84EC-61216EA8B806}.AppStore|x86.Deploy.0 = Release|x86
		{CEDC3880-59E4-4F6F-84EC-61216EA8B806}.Debug|Any CPU.ActiveCfg = Debug|x86
		{CEDC3880-59E4-4F6F-84EC-61216EA8B806}.Debug|Any CPU.Build.0 = Debug|x86
		{CEDC3880-59E4-4F6F-84EC-61216EA8B806}.Debug|Any CPU.Deploy.0 = Debug|x86
		{CEDC3880-59E4-4F6F-84EC-61216EA8B806}.Debug|ARM.ActiveCfg = Debug|ARM
		{CEDC3880-59E4-4F6F-84EC-61216EA8B806}.Debug|ARM.Build.0 = Debug|ARM
		{CEDC3880-59E4-4F6F-84EC-61216EA8B806}.Debug|ARM.Deploy.0 = Debug|ARM
		{CEDC3880-59E4-4F6F-84EC-61216EA8B806}.Debug|iPhone.ActiveCfg = Debug|x86
		{CEDC3880-59E4-4F6F-84EC-61216EA8B806}.Debug|iPhoneSimulator.ActiveCfg = Debug|x86
		{CEDC3880-59E4-4F6F-84EC-61216EA8B806}.Debug|x64.ActiveCfg = Debug|x64
		{CEDC3880-59E4-4F6F-84EC-61216EA8B806}.Debug|x64.Build.0 = Debug|x64
		{CEDC3880-59E4-4F6F-84EC-61216EA8B806}.Debug|x64.Deploy.0 = Debug|x64
		{CEDC3880-59E4-4F6F-84EC-61216EA8B806}.Debug|x86.ActiveCfg = Debug|x86
		{CEDC3880-59E4-4F6F-84EC-61216EA8B806}.Debug|x86.Build.0 = Debug|x86
		{CEDC3880-59E4-4F6F-84EC-61216EA8B806}.Debug|x86.Deploy.0 = Debug|x86
		{CEDC3880-59E4-4F6F-84EC-61216EA8B806}.Release|Any CPU.ActiveCfg = Release|x86
		{CEDC3880-59E4-4F6F-84EC-61216EA8B806}.Release|ARM.ActiveCfg = Release|ARM
		{CEDC3880-59E4-4F6F-84EC-61216EA8B806}.Release|ARM.Build.0 = Release|ARM
		{CEDC3880-59E4-4F6F-84EC-61216EA8B806}.Release|ARM.Deploy.0 = Release|ARM
		{CEDC3880-59E4-4F6F-84EC-61216EA8B806}.Release|iPhone.ActiveCfg = Release|x86
		{CEDC3880-59E4-4F6F-84EC-61216EA8B806}.Release|iPhoneSimulator.ActiveCfg = Release|x86
		{CEDC3880-59E4-4F6F-84EC-61216EA8B806}.Release|x64.ActiveCfg = Release|x64
		{CEDC3880-59E4-4F6F-84EC-61216EA8B806}.Release|x64.Build.0 = Release|x64
		{CEDC3880-59E4-4F6F-84EC-61216EA8B806}.Release|x64.Deploy.0 = Release|x64
		{CEDC3880-59E4-4F6F-84EC-61216EA8B806}.Release|x86.ActiveCfg = Release|x86
		{CEDC3880-59E4-4F6F-84EC-61216EA8B806}.Release|x86.Build.0 = Release|x86
		{CEDC3880-59E4-4F6F-84EC-61216EA8B806}.Release|x86.Deploy.0 = Release|x86
		{748E9505-B5B4-4571-B4BF-5C44BC41CEF0}.Ad-Hoc|Any CPU.ActiveCfg = Debug|Any CPU
		{748E9505-B5B4-4571-B4BF-5C44BC41CEF0}.Ad-Hoc|Any CPU.Build.0 = Debug|Any CPU
		{748E9505-B5B4-4571-B4BF-5C44BC41CEF0}.Ad-Hoc|ARM.ActiveCfg = Debug|Any CPU
		{748E9505-B5B4-4571-B4BF-5C44BC41CEF0}.Ad-Hoc|ARM.Build.0 = Debug|Any CPU
		{748E9505-B5B4-4571-B4BF-5C44BC41CEF0}.Ad-Hoc|iPhone.ActiveCfg = Debug|Any CPU
		{748E9505-B5B4-4571-B4BF-5C44BC41CEF0}.Ad-Hoc|iPhone.Build.0 = Debug|Any CPU
		{748E9505-B5B4-4571-B4BF-5C44BC41CEF0}.Ad-Hoc|iPhoneSimulator.ActiveCfg = Debug|Any CPU
		{748E9505-B5B4-4571-B4BF-5C44BC41CEF0}.Ad-Hoc|iPhoneSimulator.Build.0 = Debug|Any CPU
		{748E9505-B5B4-4571-B4BF-5C44BC41CEF0}.Ad-Hoc|x64.ActiveCfg = Debug|Any CPU
		{748E9505-B5B4-4571-B4BF-5C44BC41CEF0}.Ad-Hoc|x64.Build.0 = Debug|Any CPU
		{748E9505-B5B4-4571-B4BF-5C44BC41CEF0}.Ad-Hoc|x86.ActiveCfg = Debug|Any CPU
		{748E9505-B5B4-4571-B4BF-5C44BC41CEF0}.Ad-Hoc|x86.Build.0 = Debug|Any CPU
		{748E9505-B5B4-4571-B4BF-5C44BC41CEF0}.AppStore|Any CPU.ActiveCfg = Debug|Any CPU
		{748E9505-B5B4-4571-B4BF-5C44BC41CEF0}.AppStore|Any CPU.Build.0 = Debug|Any CPU
		{748E9505-B5B4-4571-B4BF-5C44BC41CEF0}.AppStore|ARM.ActiveCfg = Debug|Any CPU
		{748E9505-B5B4-4571-B4BF-5C44BC41CEF0}.AppStore|ARM.Build.0 = Debug|Any CPU
		{748E9505-B5B4-4571-B4BF-5C44BC41CEF0}.AppStore|iPhone.ActiveCfg = Debug|Any CPU
		{748E9505-B5B4-4571-B4BF-5C44BC41CEF0}.AppStore|iPhone.Build.0 = Debug|Any CPU
		{748E9505-B5B4-4571-B4BF-5C44BC41CEF0}.AppStore|iPhoneSimulator.ActiveCfg = Debug|Any CPU
		{748E9505-B5B4-4571-B4BF-5C44BC41CEF0}.AppStore|iPhoneSimulator.Build.0 = Debug|Any CPU
		{748E9505-B5B4-4571-B4BF-5C44BC41CEF0}.AppStore|x64.ActiveCfg = Debug|Any CPU
		{748E9505-B5B4-4571-B4BF-5C44BC41CEF0}.AppStore|x64.Build.0 = Debug|Any CPU
		{748E9505-B5B4-4571-B4BF-5C44BC41CEF0}.AppStore|x86.ActiveCfg = Debug|Any CPU
		{748E9505-B5B4-4571-B4BF-5C44BC41CEF0}.AppStore|x86.Build.0 = Debug|Any CPU
		{748E9505-B5B4-4571-B4BF-5C44BC41CEF0}.Debug|Any CPU.ActiveCfg = Debug|Any CPU
		{748E9505-B5B4-4571-B4BF-5C44BC41CEF0}.Debug|Any CPU.Build.0 = Debug|Any CPU
		{748E9505-B5B4-4571-B4BF-5C44BC41CEF0}.Debug|ARM.ActiveCfg = Debug|Any CPU
		{748E9505-B5B4-4571-B4BF-5C44BC41CEF0}.Debug|ARM.Build.0 = Debug|Any CPU
		{748E9505-B5B4-4571-B4BF-5C44BC41CEF0}.Debug|iPhone.ActiveCfg = Debug|Any CPU
		{748E9505-B5B4-4571-B4BF-5C44BC41CEF0}.Debug|iPhone.Build.0 = Debug|Any CPU
		{748E9505-B5B4-4571-B4BF-5C44BC41CEF0}.Debug|iPhoneSimulator.ActiveCfg = Debug|Any CPU
		{748E9505-B5B4-4571-B4BF-5C44BC41CEF0}.Debug|iPhoneSimulator.Build.0 = Debug|Any CPU
		{748E9505-B5B4-4571-B4BF-5C44BC41CEF0}.Debug|x64.ActiveCfg = Debug|Any CPU
		{748E9505-B5B4-4571-B4BF-5C44BC41CEF0}.Debug|x64.Build.0 = Debug|Any CPU
		{748E9505-B5B4-4571-B4BF-5C44BC41CEF0}.Debug|x86.ActiveCfg = Debug|Any CPU
		{748E9505-B5B4-4571-B4BF-5C44BC41CEF0}.Debug|x86.Build.0 = Debug|Any CPU
		{748E9505-B5B4-4571-B4BF-5C44BC41CEF0}.Release|Any CPU.ActiveCfg = Release|Any CPU
		{748E9505-B5B4-4571-B4BF-5C44BC41CEF0}.Release|Any CPU.Build.0 = Release|Any CPU
		{748E9505-B5B4-4571-B4BF-5C44BC41CEF0}.Release|ARM.ActiveCfg = Release|Any CPU
		{748E9505-B5B4-4571-B4BF-5C44BC41CEF0}.Release|ARM.Build.0 = Release|Any CPU
		{748E9505-B5B4-4571-B4BF-5C44BC41CEF0}.Release|iPhone.ActiveCfg = Release|Any CPU
		{748E9505-B5B4-4571-B4BF-5C44BC41CEF0}.Release|iPhone.Build.0 = Release|Any CPU
		{748E9505-B5B4-4571-B4BF-5C44BC41CEF0}.Release|iPhoneSimulator.ActiveCfg = Release|Any CPU
		{748E9505-B5B4-4571-B4BF-5C44BC41CEF0}.Release|iPhoneSimulator.Build.0 = Release|Any CPU
		{748E9505-B5B4-4571-B4BF-5C44BC41CEF0}.Release|x64.ActiveCfg = Release|Any CPU
		{748E9505-B5B4-4571-B4BF-5C44BC41CEF0}.Release|x64.Build.0 = Release|Any CPU
		{748E9505-B5B4-4571-B4BF-5C44BC41CEF0}.Release|x86.ActiveCfg = Release|Any CPU
		{748E9505-B5B4-4571-B4BF-5C44BC41CEF0}.Release|x86.Build.0 = Release|Any CPU
		{39EE3BA7-80BF-48F9-BE2B-71402AF19A9D}.Ad-Hoc|Any CPU.ActiveCfg = Debug|Any CPU
		{39EE3BA7-80BF-48F9-BE2B-71402AF19A9D}.Ad-Hoc|Any CPU.Build.0 = Debug|Any CPU
		{39EE3BA7-80BF-48F9-BE2B-71402AF19A9D}.Ad-Hoc|ARM.ActiveCfg = Debug|Any CPU
		{39EE3BA7-80BF-48F9-BE2B-71402AF19A9D}.Ad-Hoc|ARM.Build.0 = Debug|Any CPU
		{39EE3BA7-80BF-48F9-BE2B-71402AF19A9D}.Ad-Hoc|iPhone.ActiveCfg = Debug|Any CPU
		{39EE3BA7-80BF-48F9-BE2B-71402AF19A9D}.Ad-Hoc|iPhone.Build.0 = Debug|Any CPU
		{39EE3BA7-80BF-48F9-BE2B-71402AF19A9D}.Ad-Hoc|iPhoneSimulator.ActiveCfg = Debug|Any CPU
		{39EE3BA7-80BF-48F9-BE2B-71402AF19A9D}.Ad-Hoc|iPhoneSimulator.Build.0 = Debug|Any CPU
		{39EE3BA7-80BF-48F9-BE2B-71402AF19A9D}.Ad-Hoc|x64.ActiveCfg = Debug|Any CPU
		{39EE3BA7-80BF-48F9-BE2B-71402AF19A9D}.Ad-Hoc|x64.Build.0 = Debug|Any CPU
		{39EE3BA7-80BF-48F9-BE2B-71402AF19A9D}.Ad-Hoc|x86.ActiveCfg = Debug|Any CPU
		{39EE3BA7-80BF-48F9-BE2B-71402AF19A9D}.Ad-Hoc|x86.Build.0 = Debug|Any CPU
		{39EE3BA7-80BF-48F9-BE2B-71402AF19A9D}.AppStore|Any CPU.ActiveCfg = Debug|Any CPU
		{39EE3BA7-80BF-48F9-BE2B-71402AF19A9D}.AppStore|Any CPU.Build.0 = Debug|Any CPU
		{39EE3BA7-80BF-48F9-BE2B-71402AF19A9D}.AppStore|ARM.ActiveCfg = Debug|Any CPU
		{39EE3BA7-80BF-48F9-BE2B-71402AF19A9D}.AppStore|ARM.Build.0 = Debug|Any CPU
		{39EE3BA7-80BF-48F9-BE2B-71402AF19A9D}.AppStore|iPhone.ActiveCfg = Debug|Any CPU
		{39EE3BA7-80BF-48F9-BE2B-71402AF19A9D}.AppStore|iPhone.Build.0 = Debug|Any CPU
		{39EE3BA7-80BF-48F9-BE2B-71402AF19A9D}.AppStore|iPhoneSimulator.ActiveCfg = Debug|Any CPU
		{39EE3BA7-80BF-48F9-BE2B-71402AF19A9D}.AppStore|iPhoneSimulator.Build.0 = Debug|Any CPU
		{39EE3BA7-80BF-48F9-BE2B-71402AF19A9D}.AppStore|x64.ActiveCfg = Debug|Any CPU
		{39EE3BA7-80BF-48F9-BE2B-71402AF19A9D}.AppStore|x64.Build.0 = Debug|Any CPU
		{39EE3BA7-80BF-48F9-BE2B-71402AF19A9D}.AppStore|x86.ActiveCfg = Debug|Any CPU
		{39EE3BA7-80BF-48F9-BE2B-71402AF19A9D}.AppStore|x86.Build.0 = Debug|Any CPU
		{39EE3BA7-80BF-48F9-BE2B-71402AF19A9D}.Debug|Any CPU.ActiveCfg = Debug|Any CPU
		{39EE3BA7-80BF-48F9-BE2B-71402AF19A9D}.Debug|Any CPU.Build.0 = Debug|Any CPU
		{39EE3BA7-80BF-48F9-BE2B-71402AF19A9D}.Debug|ARM.ActiveCfg = Debug|Any CPU
		{39EE3BA7-80BF-48F9-BE2B-71402AF19A9D}.Debug|ARM.Build.0 = Debug|Any CPU
		{39EE3BA7-80BF-48F9-BE2B-71402AF19A9D}.Debug|iPhone.ActiveCfg = Debug|Any CPU
		{39EE3BA7-80BF-48F9-BE2B-71402AF19A9D}.Debug|iPhone.Build.0 = Debug|Any CPU
		{39EE3BA7-80BF-48F9-BE2B-71402AF19A9D}.Debug|iPhoneSimulator.ActiveCfg = Debug|Any CPU
		{39EE3BA7-80BF-48F9-BE2B-71402AF19A9D}.Debug|iPhoneSimulator.Build.0 = Debug|Any CPU
		{39EE3BA7-80BF-48F9-BE2B-71402AF19A9D}.Debug|x64.ActiveCfg = Debug|Any CPU
		{39EE3BA7-80BF-48F9-BE2B-71402AF19A9D}.Debug|x64.Build.0 = Debug|Any CPU
		{39EE3BA7-80BF-48F9-BE2B-71402AF19A9D}.Debug|x86.ActiveCfg = Debug|Any CPU
		{39EE3BA7-80BF-48F9-BE2B-71402AF19A9D}.Debug|x86.Build.0 = Debug|Any CPU
		{39EE3BA7-80BF-48F9-BE2B-71402AF19A9D}.Release|Any CPU.ActiveCfg = Release|Any CPU
		{39EE3BA7-80BF-48F9-BE2B-71402AF19A9D}.Release|Any CPU.Build.0 = Release|Any CPU
		{39EE3BA7-80BF-48F9-BE2B-71402AF19A9D}.Release|ARM.ActiveCfg = Release|Any CPU
		{39EE3BA7-80BF-48F9-BE2B-71402AF19A9D}.Release|ARM.Build.0 = Release|Any CPU
		{39EE3BA7-80BF-48F9-BE2B-71402AF19A9D}.Release|iPhone.ActiveCfg = Release|Any CPU
		{39EE3BA7-80BF-48F9-BE2B-71402AF19A9D}.Release|iPhone.Build.0 = Release|Any CPU
		{39EE3BA7-80BF-48F9-BE2B-71402AF19A9D}.Release|iPhoneSimulator.ActiveCfg = Release|Any CPU
		{39EE3BA7-80BF-48F9-BE2B-71402AF19A9D}.Release|iPhoneSimulator.Build.0 = Release|Any CPU
		{39EE3BA7-80BF-48F9-BE2B-71402AF19A9D}.Release|x64.ActiveCfg = Release|Any CPU
		{39EE3BA7-80BF-48F9-BE2B-71402AF19A9D}.Release|x64.Build.0 = Release|Any CPU
		{39EE3BA7-80BF-48F9-BE2B-71402AF19A9D}.Release|x86.ActiveCfg = Release|Any CPU
		{39EE3BA7-80BF-48F9-BE2B-71402AF19A9D}.Release|x86.Build.0 = Release|Any CPU
		{6DEA01BA-4FF6-4E89-A27B-5273048E86AF}.Ad-Hoc|Any CPU.ActiveCfg = Debug|Any CPU
		{6DEA01BA-4FF6-4E89-A27B-5273048E86AF}.Ad-Hoc|Any CPU.Build.0 = Debug|Any CPU
		{6DEA01BA-4FF6-4E89-A27B-5273048E86AF}.Ad-Hoc|ARM.ActiveCfg = Debug|Any CPU
		{6DEA01BA-4FF6-4E89-A27B-5273048E86AF}.Ad-Hoc|ARM.Build.0 = Debug|Any CPU
		{6DEA01BA-4FF6-4E89-A27B-5273048E86AF}.Ad-Hoc|iPhone.ActiveCfg = Debug|Any CPU
		{6DEA01BA-4FF6-4E89-A27B-5273048E86AF}.Ad-Hoc|iPhone.Build.0 = Debug|Any CPU
		{6DEA01BA-4FF6-4E89-A27B-5273048E86AF}.Ad-Hoc|iPhoneSimulator.ActiveCfg = Debug|Any CPU
		{6DEA01BA-4FF6-4E89-A27B-5273048E86AF}.Ad-Hoc|iPhoneSimulator.Build.0 = Debug|Any CPU
		{6DEA01BA-4FF6-4E89-A27B-5273048E86AF}.Ad-Hoc|x64.ActiveCfg = Debug|Any CPU
		{6DEA01BA-4FF6-4E89-A27B-5273048E86AF}.Ad-Hoc|x64.Build.0 = Debug|Any CPU
		{6DEA01BA-4FF6-4E89-A27B-5273048E86AF}.Ad-Hoc|x86.ActiveCfg = Debug|Any CPU
		{6DEA01BA-4FF6-4E89-A27B-5273048E86AF}.Ad-Hoc|x86.Build.0 = Debug|Any CPU
		{6DEA01BA-4FF6-4E89-A27B-5273048E86AF}.AppStore|Any CPU.ActiveCfg = Debug|Any CPU
		{6DEA01BA-4FF6-4E89-A27B-5273048E86AF}.AppStore|Any CPU.Build.0 = Debug|Any CPU
		{6DEA01BA-4FF6-4E89-A27B-5273048E86AF}.AppStore|ARM.ActiveCfg = Debug|Any CPU
		{6DEA01BA-4FF6-4E89-A27B-5273048E86AF}.AppStore|ARM.Build.0 = Debug|Any CPU
		{6DEA01BA-4FF6-4E89-A27B-5273048E86AF}.AppStore|iPhone.ActiveCfg = Debug|Any CPU
		{6DEA01BA-4FF6-4E89-A27B-5273048E86AF}.AppStore|iPhone.Build.0 = Debug|Any CPU
		{6DEA01BA-4FF6-4E89-A27B-5273048E86AF}.AppStore|iPhoneSimulator.ActiveCfg = Debug|Any CPU
		{6DEA01BA-4FF6-4E89-A27B-5273048E86AF}.AppStore|iPhoneSimulator.Build.0 = Debug|Any CPU
		{6DEA01BA-4FF6-4E89-A27B-5273048E86AF}.AppStore|x64.ActiveCfg = Debug|Any CPU
		{6DEA01BA-4FF6-4E89-A27B-5273048E86AF}.AppStore|x64.Build.0 = Debug|Any CPU
		{6DEA01BA-4FF6-4E89-A27B-5273048E86AF}.AppStore|x86.ActiveCfg = Debug|Any CPU
		{6DEA01BA-4FF6-4E89-A27B-5273048E86AF}.AppStore|x86.Build.0 = Debug|Any CPU
		{6DEA01BA-4FF6-4E89-A27B-5273048E86AF}.Debug|Any CPU.ActiveCfg = Debug|Any CPU
		{6DEA01BA-4FF6-4E89-A27B-5273048E86AF}.Debug|Any CPU.Build.0 = Debug|Any CPU
		{6DEA01BA-4FF6-4E89-A27B-5273048E86AF}.Debug|ARM.ActiveCfg = Debug|Any CPU
		{6DEA01BA-4FF6-4E89-A27B-5273048E86AF}.Debug|ARM.Build.0 = Debug|Any CPU
		{6DEA01BA-4FF6-4E89-A27B-5273048E86AF}.Debug|iPhone.ActiveCfg = Debug|Any CPU
		{6DEA01BA-4FF6-4E89-A27B-5273048E86AF}.Debug|iPhone.Build.0 = Debug|Any CPU
		{6DEA01BA-4FF6-4E89-A27B-5273048E86AF}.Debug|iPhoneSimulator.ActiveCfg = Debug|Any CPU
		{6DEA01BA-4FF6-4E89-A27B-5273048E86AF}.Debug|iPhoneSimulator.Build.0 = Debug|Any CPU
		{6DEA01BA-4FF6-4E89-A27B-5273048E86AF}.Debug|x64.ActiveCfg = Debug|Any CPU
		{6DEA01BA-4FF6-4E89-A27B-5273048E86AF}.Debug|x64.Build.0 = Debug|Any CPU
		{6DEA01BA-4FF6-4E89-A27B-5273048E86AF}.Debug|x86.ActiveCfg = Debug|Any CPU
		{6DEA01BA-4FF6-4E89-A27B-5273048E86AF}.Debug|x86.Build.0 = Debug|Any CPU
		{6DEA01BA-4FF6-4E89-A27B-5273048E86AF}.Release|Any CPU.ActiveCfg = Release|Any CPU
		{6DEA01BA-4FF6-4E89-A27B-5273048E86AF}.Release|Any CPU.Build.0 = Release|Any CPU
		{6DEA01BA-4FF6-4E89-A27B-5273048E86AF}.Release|ARM.ActiveCfg = Release|Any CPU
		{6DEA01BA-4FF6-4E89-A27B-5273048E86AF}.Release|ARM.Build.0 = Release|Any CPU
		{6DEA01BA-4FF6-4E89-A27B-5273048E86AF}.Release|iPhone.ActiveCfg = Release|Any CPU
		{6DEA01BA-4FF6-4E89-A27B-5273048E86AF}.Release|iPhone.Build.0 = Release|Any CPU
		{6DEA01BA-4FF6-4E89-A27B-5273048E86AF}.Release|iPhoneSimulator.ActiveCfg = Release|Any CPU
		{6DEA01BA-4FF6-4E89-A27B-5273048E86AF}.Release|iPhoneSimulator.Build.0 = Release|Any CPU
		{6DEA01BA-4FF6-4E89-A27B-5273048E86AF}.Release|x64.ActiveCfg = Release|Any CPU
		{6DEA01BA-4FF6-4E89-A27B-5273048E86AF}.Release|x64.Build.0 = Release|Any CPU
		{6DEA01BA-4FF6-4E89-A27B-5273048E86AF}.Release|x86.ActiveCfg = Release|Any CPU
		{6DEA01BA-4FF6-4E89-A27B-5273048E86AF}.Release|x86.Build.0 = Release|Any CPU
		{28829ABF-15BF-4513-8CF4-2B9CB76A65B1}.Ad-Hoc|Any CPU.ActiveCfg = Debug|Any CPU
		{28829ABF-15BF-4513-8CF4-2B9CB76A65B1}.Ad-Hoc|Any CPU.Build.0 = Debug|Any CPU
		{28829ABF-15BF-4513-8CF4-2B9CB76A65B1}.Ad-Hoc|ARM.ActiveCfg = Debug|Any CPU
		{28829ABF-15BF-4513-8CF4-2B9CB76A65B1}.Ad-Hoc|ARM.Build.0 = Debug|Any CPU
		{28829ABF-15BF-4513-8CF4-2B9CB76A65B1}.Ad-Hoc|iPhone.ActiveCfg = Debug|Any CPU
		{28829ABF-15BF-4513-8CF4-2B9CB76A65B1}.Ad-Hoc|iPhone.Build.0 = Debug|Any CPU
		{28829ABF-15BF-4513-8CF4-2B9CB76A65B1}.Ad-Hoc|iPhoneSimulator.ActiveCfg = Debug|Any CPU
		{28829ABF-15BF-4513-8CF4-2B9CB76A65B1}.Ad-Hoc|iPhoneSimulator.Build.0 = Debug|Any CPU
		{28829ABF-15BF-4513-8CF4-2B9CB76A65B1}.Ad-Hoc|x64.ActiveCfg = Debug|Any CPU
		{28829ABF-15BF-4513-8CF4-2B9CB76A65B1}.Ad-Hoc|x64.Build.0 = Debug|Any CPU
		{28829ABF-15BF-4513-8CF4-2B9CB76A65B1}.Ad-Hoc|x86.ActiveCfg = Debug|Any CPU
		{28829ABF-15BF-4513-8CF4-2B9CB76A65B1}.Ad-Hoc|x86.Build.0 = Debug|Any CPU
		{28829ABF-15BF-4513-8CF4-2B9CB76A65B1}.AppStore|Any CPU.ActiveCfg = Debug|Any CPU
		{28829ABF-15BF-4513-8CF4-2B9CB76A65B1}.AppStore|Any CPU.Build.0 = Debug|Any CPU
		{28829ABF-15BF-4513-8CF4-2B9CB76A65B1}.AppStore|ARM.ActiveCfg = Debug|Any CPU
		{28829ABF-15BF-4513-8CF4-2B9CB76A65B1}.AppStore|ARM.Build.0 = Debug|Any CPU
		{28829ABF-15BF-4513-8CF4-2B9CB76A65B1}.AppStore|iPhone.ActiveCfg = Debug|Any CPU
		{28829ABF-15BF-4513-8CF4-2B9CB76A65B1}.AppStore|iPhone.Build.0 = Debug|Any CPU
		{28829ABF-15BF-4513-8CF4-2B9CB76A65B1}.AppStore|iPhoneSimulator.ActiveCfg = Debug|Any CPU
		{28829ABF-15BF-4513-8CF4-2B9CB76A65B1}.AppStore|iPhoneSimulator.Build.0 = Debug|Any CPU
		{28829ABF-15BF-4513-8CF4-2B9CB76A65B1}.AppStore|x64.ActiveCfg = Debug|Any CPU
		{28829ABF-15BF-4513-8CF4-2B9CB76A65B1}.AppStore|x64.Build.0 = Debug|Any CPU
		{28829ABF-15BF-4513-8CF4-2B9CB76A65B1}.AppStore|x86.ActiveCfg = Debug|Any CPU
		{28829ABF-15BF-4513-8CF4-2B9CB76A65B1}.AppStore|x86.Build.0 = Debug|Any CPU
		{28829ABF-15BF-4513-8CF4-2B9CB76A65B1}.Debug|Any CPU.ActiveCfg = Debug|Any CPU
		{28829ABF-15BF-4513-8CF4-2B9CB76A65B1}.Debug|Any CPU.Build.0 = Debug|Any CPU
		{28829ABF-15BF-4513-8CF4-2B9CB76A65B1}.Debug|ARM.ActiveCfg = Debug|Any CPU
		{28829ABF-15BF-4513-8CF4-2B9CB76A65B1}.Debug|ARM.Build.0 = Debug|Any CPU
		{28829ABF-15BF-4513-8CF4-2B9CB76A65B1}.Debug|iPhone.ActiveCfg = Debug|Any CPU
		{28829ABF-15BF-4513-8CF4-2B9CB76A65B1}.Debug|iPhone.Build.0 = Debug|Any CPU
		{28829ABF-15BF-4513-8CF4-2B9CB76A65B1}.Debug|iPhoneSimulator.ActiveCfg = Debug|Any CPU
		{28829ABF-15BF-4513-8CF4-2B9CB76A65B1}.Debug|iPhoneSimulator.Build.0 = Debug|Any CPU
		{28829ABF-15BF-4513-8CF4-2B9CB76A65B1}.Debug|x64.ActiveCfg = Debug|Any CPU
		{28829ABF-15BF-4513-8CF4-2B9CB76A65B1}.Debug|x64.Build.0 = Debug|Any CPU
		{28829ABF-15BF-4513-8CF4-2B9CB76A65B1}.Debug|x86.ActiveCfg = Debug|Any CPU
		{28829ABF-15BF-4513-8CF4-2B9CB76A65B1}.Debug|x86.Build.0 = Debug|Any CPU
		{28829ABF-15BF-4513-8CF4-2B9CB76A65B1}.Release|Any CPU.ActiveCfg = Release|Any CPU
		{28829ABF-15BF-4513-8CF4-2B9CB76A65B1}.Release|Any CPU.Build.0 = Release|Any CPU
		{28829ABF-15BF-4513-8CF4-2B9CB76A65B1}.Release|ARM.ActiveCfg = Release|Any CPU
		{28829ABF-15BF-4513-8CF4-2B9CB76A65B1}.Release|ARM.Build.0 = Release|Any CPU
		{28829ABF-15BF-4513-8CF4-2B9CB76A65B1}.Release|iPhone.ActiveCfg = Release|Any CPU
		{28829ABF-15BF-4513-8CF4-2B9CB76A65B1}.Release|iPhone.Build.0 = Release|Any CPU
		{28829ABF-15BF-4513-8CF4-2B9CB76A65B1}.Release|iPhoneSimulator.ActiveCfg = Release|Any CPU
		{28829ABF-15BF-4513-8CF4-2B9CB76A65B1}.Release|iPhoneSimulator.Build.0 = Release|Any CPU
		{28829ABF-15BF-4513-8CF4-2B9CB76A65B1}.Release|x64.ActiveCfg = Release|Any CPU
		{28829ABF-15BF-4513-8CF4-2B9CB76A65B1}.Release|x64.Build.0 = Release|Any CPU
		{28829ABF-15BF-4513-8CF4-2B9CB76A65B1}.Release|x86.ActiveCfg = Release|Any CPU
		{28829ABF-15BF-4513-8CF4-2B9CB76A65B1}.Release|x86.Build.0 = Release|Any CPU
		{49AF563A-6AD7-4C0D-8521-08047FFCCB30}.Ad-Hoc|Any CPU.ActiveCfg = Debug|Any CPU
		{49AF563A-6AD7-4C0D-8521-08047FFCCB30}.Ad-Hoc|Any CPU.Build.0 = Debug|Any CPU
		{49AF563A-6AD7-4C0D-8521-08047FFCCB30}.Ad-Hoc|ARM.ActiveCfg = Debug|Any CPU
		{49AF563A-6AD7-4C0D-8521-08047FFCCB30}.Ad-Hoc|ARM.Build.0 = Debug|Any CPU
		{49AF563A-6AD7-4C0D-8521-08047FFCCB30}.Ad-Hoc|iPhone.ActiveCfg = Debug|Any CPU
		{49AF563A-6AD7-4C0D-8521-08047FFCCB30}.Ad-Hoc|iPhone.Build.0 = Debug|Any CPU
		{49AF563A-6AD7-4C0D-8521-08047FFCCB30}.Ad-Hoc|iPhoneSimulator.ActiveCfg = Debug|Any CPU
		{49AF563A-6AD7-4C0D-8521-08047FFCCB30}.Ad-Hoc|iPhoneSimulator.Build.0 = Debug|Any CPU
		{49AF563A-6AD7-4C0D-8521-08047FFCCB30}.Ad-Hoc|x64.ActiveCfg = Debug|Any CPU
		{49AF563A-6AD7-4C0D-8521-08047FFCCB30}.Ad-Hoc|x64.Build.0 = Debug|Any CPU
		{49AF563A-6AD7-4C0D-8521-08047FFCCB30}.Ad-Hoc|x86.ActiveCfg = Debug|Any CPU
		{49AF563A-6AD7-4C0D-8521-08047FFCCB30}.Ad-Hoc|x86.Build.0 = Debug|Any CPU
		{49AF563A-6AD7-4C0D-8521-08047FFCCB30}.AppStore|Any CPU.ActiveCfg = Debug|Any CPU
		{49AF563A-6AD7-4C0D-8521-08047FFCCB30}.AppStore|Any CPU.Build.0 = Debug|Any CPU
		{49AF563A-6AD7-4C0D-8521-08047FFCCB30}.AppStore|ARM.ActiveCfg = Debug|Any CPU
		{49AF563A-6AD7-4C0D-8521-08047FFCCB30}.AppStore|ARM.Build.0 = Debug|Any CPU
		{49AF563A-6AD7-4C0D-8521-08047FFCCB30}.AppStore|iPhone.ActiveCfg = Debug|Any CPU
		{49AF563A-6AD7-4C0D-8521-08047FFCCB30}.AppStore|iPhone.Build.0 = Debug|Any CPU
		{49AF563A-6AD7-4C0D-8521-08047FFCCB30}.AppStore|iPhoneSimulator.ActiveCfg = Debug|Any CPU
		{49AF563A-6AD7-4C0D-8521-08047FFCCB30}.AppStore|iPhoneSimulator.Build.0 = Debug|Any CPU
		{49AF563A-6AD7-4C0D-8521-08047FFCCB30}.AppStore|x64.ActiveCfg = Debug|Any CPU
		{49AF563A-6AD7-4C0D-8521-08047FFCCB30}.AppStore|x64.Build.0 = Debug|Any CPU
		{49AF563A-6AD7-4C0D-8521-08047FFCCB30}.AppStore|x86.ActiveCfg = Debug|Any CPU
		{49AF563A-6AD7-4C0D-8521-08047FFCCB30}.AppStore|x86.Build.0 = Debug|Any CPU
		{49AF563A-6AD7-4C0D-8521-08047FFCCB30}.Debug|Any CPU.ActiveCfg = Debug|Any CPU
		{49AF563A-6AD7-4C0D-8521-08047FFCCB30}.Debug|Any CPU.Build.0 = Debug|Any CPU
		{49AF563A-6AD7-4C0D-8521-08047FFCCB30}.Debug|ARM.ActiveCfg = Debug|Any CPU
		{49AF563A-6AD7-4C0D-8521-08047FFCCB30}.Debug|ARM.Build.0 = Debug|Any CPU
		{49AF563A-6AD7-4C0D-8521-08047FFCCB30}.Debug|iPhone.ActiveCfg = Debug|Any CPU
		{49AF563A-6AD7-4C0D-8521-08047FFCCB30}.Debug|iPhone.Build.0 = Debug|Any CPU
		{49AF563A-6AD7-4C0D-8521-08047FFCCB30}.Debug|iPhoneSimulator.ActiveCfg = Debug|Any CPU
		{49AF563A-6AD7-4C0D-8521-08047FFCCB30}.Debug|iPhoneSimulator.Build.0 = Debug|Any CPU
		{49AF563A-6AD7-4C0D-8521-08047FFCCB30}.Debug|x64.ActiveCfg = Debug|Any CPU
		{49AF563A-6AD7-4C0D-8521-08047FFCCB30}.Debug|x64.Build.0 = Debug|Any CPU
		{49AF563A-6AD7-4C0D-8521-08047FFCCB30}.Debug|x86.ActiveCfg = Debug|Any CPU
		{49AF563A-6AD7-4C0D-8521-08047FFCCB30}.Debug|x86.Build.0 = Debug|Any CPU
		{49AF563A-6AD7-4C0D-8521-08047FFCCB30}.Release|Any CPU.ActiveCfg = Release|Any CPU
		{49AF563A-6AD7-4C0D-8521-08047FFCCB30}.Release|Any CPU.Build.0 = Release|Any CPU
		{49AF563A-6AD7-4C0D-8521-08047FFCCB30}.Release|ARM.ActiveCfg = Release|Any CPU
		{49AF563A-6AD7-4C0D-8521-08047FFCCB30}.Release|ARM.Build.0 = Release|Any CPU
		{49AF563A-6AD7-4C0D-8521-08047FFCCB30}.Release|iPhone.ActiveCfg = Release|Any CPU
		{49AF563A-6AD7-4C0D-8521-08047FFCCB30}.Release|iPhone.Build.0 = Release|Any CPU
		{49AF563A-6AD7-4C0D-8521-08047FFCCB30}.Release|iPhoneSimulator.ActiveCfg = Release|Any CPU
		{49AF563A-6AD7-4C0D-8521-08047FFCCB30}.Release|iPhoneSimulator.Build.0 = Release|Any CPU
		{49AF563A-6AD7-4C0D-8521-08047FFCCB30}.Release|x64.ActiveCfg = Release|Any CPU
		{49AF563A-6AD7-4C0D-8521-08047FFCCB30}.Release|x64.Build.0 = Release|Any CPU
		{49AF563A-6AD7-4C0D-8521-08047FFCCB30}.Release|x86.ActiveCfg = Release|Any CPU
		{49AF563A-6AD7-4C0D-8521-08047FFCCB30}.Release|x86.Build.0 = Release|Any CPU
		{C7C7539C-3EBE-4407-9713-7EC869BA8BF1}.Ad-Hoc|Any CPU.ActiveCfg = Debug|Any CPU
		{C7C7539C-3EBE-4407-9713-7EC869BA8BF1}.Ad-Hoc|Any CPU.Build.0 = Debug|Any CPU
		{C7C7539C-3EBE-4407-9713-7EC869BA8BF1}.Ad-Hoc|ARM.ActiveCfg = Debug|Any CPU
		{C7C7539C-3EBE-4407-9713-7EC869BA8BF1}.Ad-Hoc|ARM.Build.0 = Debug|Any CPU
		{C7C7539C-3EBE-4407-9713-7EC869BA8BF1}.Ad-Hoc|iPhone.ActiveCfg = Debug|Any CPU
		{C7C7539C-3EBE-4407-9713-7EC869BA8BF1}.Ad-Hoc|iPhone.Build.0 = Debug|Any CPU
		{C7C7539C-3EBE-4407-9713-7EC869BA8BF1}.Ad-Hoc|iPhoneSimulator.ActiveCfg = Debug|Any CPU
		{C7C7539C-3EBE-4407-9713-7EC869BA8BF1}.Ad-Hoc|iPhoneSimulator.Build.0 = Debug|Any CPU
		{C7C7539C-3EBE-4407-9713-7EC869BA8BF1}.Ad-Hoc|x64.ActiveCfg = Debug|Any CPU
		{C7C7539C-3EBE-4407-9713-7EC869BA8BF1}.Ad-Hoc|x64.Build.0 = Debug|Any CPU
		{C7C7539C-3EBE-4407-9713-7EC869BA8BF1}.Ad-Hoc|x86.ActiveCfg = Debug|Any CPU
		{C7C7539C-3EBE-4407-9713-7EC869BA8BF1}.Ad-Hoc|x86.Build.0 = Debug|Any CPU
		{C7C7539C-3EBE-4407-9713-7EC869BA8BF1}.AppStore|Any CPU.ActiveCfg = Debug|Any CPU
		{C7C7539C-3EBE-4407-9713-7EC869BA8BF1}.AppStore|Any CPU.Build.0 = Debug|Any CPU
		{C7C7539C-3EBE-4407-9713-7EC869BA8BF1}.AppStore|ARM.ActiveCfg = Debug|Any CPU
		{C7C7539C-3EBE-4407-9713-7EC869BA8BF1}.AppStore|ARM.Build.0 = Debug|Any CPU
		{C7C7539C-3EBE-4407-9713-7EC869BA8BF1}.AppStore|iPhone.ActiveCfg = Debug|Any CPU
		{C7C7539C-3EBE-4407-9713-7EC869BA8BF1}.AppStore|iPhone.Build.0 = Debug|Any CPU
		{C7C7539C-3EBE-4407-9713-7EC869BA8BF1}.AppStore|iPhoneSimulator.ActiveCfg = Debug|Any CPU
		{C7C7539C-3EBE-4407-9713-7EC869BA8BF1}.AppStore|iPhoneSimulator.Build.0 = Debug|Any CPU
		{C7C7539C-3EBE-4407-9713-7EC869BA8BF1}.AppStore|x64.ActiveCfg = Debug|Any CPU
		{C7C7539C-3EBE-4407-9713-7EC869BA8BF1}.AppStore|x64.Build.0 = Debug|Any CPU
		{C7C7539C-3EBE-4407-9713-7EC869BA8BF1}.AppStore|x86.ActiveCfg = Debug|Any CPU
		{C7C7539C-3EBE-4407-9713-7EC869BA8BF1}.AppStore|x86.Build.0 = Debug|Any CPU
		{C7C7539C-3EBE-4407-9713-7EC869BA8BF1}.Debug|Any CPU.ActiveCfg = Debug|Any CPU
		{C7C7539C-3EBE-4407-9713-7EC869BA8BF1}.Debug|Any CPU.Build.0 = Debug|Any CPU
		{C7C7539C-3EBE-4407-9713-7EC869BA8BF1}.Debug|ARM.ActiveCfg = Debug|Any CPU
		{C7C7539C-3EBE-4407-9713-7EC869BA8BF1}.Debug|ARM.Build.0 = Debug|Any CPU
		{C7C7539C-3EBE-4407-9713-7EC869BA8BF1}.Debug|iPhone.ActiveCfg = Debug|Any CPU
		{C7C7539C-3EBE-4407-9713-7EC869BA8BF1}.Debug|iPhone.Build.0 = Debug|Any CPU
		{C7C7539C-3EBE-4407-9713-7EC869BA8BF1}.Debug|iPhoneSimulator.ActiveCfg = Debug|Any CPU
		{C7C7539C-3EBE-4407-9713-7EC869BA8BF1}.Debug|iPhoneSimulator.Build.0 = Debug|Any CPU
		{C7C7539C-3EBE-4407-9713-7EC869BA8BF1}.Debug|x64.ActiveCfg = Debug|Any CPU
		{C7C7539C-3EBE-4407-9713-7EC869BA8BF1}.Debug|x64.Build.0 = Debug|Any CPU
		{C7C7539C-3EBE-4407-9713-7EC869BA8BF1}.Debug|x86.ActiveCfg = Debug|Any CPU
		{C7C7539C-3EBE-4407-9713-7EC869BA8BF1}.Debug|x86.Build.0 = Debug|Any CPU
		{C7C7539C-3EBE-4407-9713-7EC869BA8BF1}.Release|Any CPU.ActiveCfg = Release|Any CPU
		{C7C7539C-3EBE-4407-9713-7EC869BA8BF1}.Release|Any CPU.Build.0 = Release|Any CPU
		{C7C7539C-3EBE-4407-9713-7EC869BA8BF1}.Release|ARM.ActiveCfg = Release|Any CPU
		{C7C7539C-3EBE-4407-9713-7EC869BA8BF1}.Release|ARM.Build.0 = Release|Any CPU
		{C7C7539C-3EBE-4407-9713-7EC869BA8BF1}.Release|iPhone.ActiveCfg = Release|Any CPU
		{C7C7539C-3EBE-4407-9713-7EC869BA8BF1}.Release|iPhone.Build.0 = Release|Any CPU
		{C7C7539C-3EBE-4407-9713-7EC869BA8BF1}.Release|iPhoneSimulator.ActiveCfg = Release|Any CPU
		{C7C7539C-3EBE-4407-9713-7EC869BA8BF1}.Release|iPhoneSimulator.Build.0 = Release|Any CPU
		{C7C7539C-3EBE-4407-9713-7EC869BA8BF1}.Release|x64.ActiveCfg = Release|Any CPU
		{C7C7539C-3EBE-4407-9713-7EC869BA8BF1}.Release|x64.Build.0 = Release|Any CPU
		{C7C7539C-3EBE-4407-9713-7EC869BA8BF1}.Release|x86.ActiveCfg = Release|Any CPU
		{C7C7539C-3EBE-4407-9713-7EC869BA8BF1}.Release|x86.Build.0 = Release|Any CPU
	EndGlobalSection
	GlobalSection(SolutionProperties) = preSolution
		HideSolutionNode = FALSE
	EndGlobalSection
	GlobalSection(NestedProjects) = preSolution
		{10AB7D83-5711-4C7B-A216-94BB8F25660F} = {CFE33B50-3F0C-48EC-B75D-6C6CECD51F7F}
		{748E9505-B5B4-4571-B4BF-5C44BC41CEF0} = {CFE33B50-3F0C-48EC-B75D-6C6CECD51F7F}
		{39EE3BA7-80BF-48F9-BE2B-71402AF19A9D} = {CFE33B50-3F0C-48EC-B75D-6C6CECD51F7F}
	EndGlobalSection
	GlobalSection(ExtensibilityGlobals) = postSolution
		SolutionGuid = {E32C5FBF-C2F8-4320-953F-60DB550AC268}
	EndGlobalSection
EndGlobal
